
Microsoft Visual Studio Solution File, Format Version 12.00
# Visual Studio Version 17
VisualStudioVersion = 17.7.34024.191
MinimumVisualStudioVersion = 10.0.40219.1
Project("{2150E333-8FDC-42A3-9474-1A3956D46DE8}") = "src", "src", "{0BB885CD-8EB4-459C-B6D5-E3B3D42567E5}"
EndProject
Project("{2150E333-8FDC-42A3-9474-1A3956D46DE8}") = "tests", "tests", "{2A628FA4-0D1F-41B9-8620-FD888FBF8EA2}"
EndProject
Project("{9A19103F-16F7-4668-BE54-9A1E7A4F7556}") = "SyosecAdvent.Domain", "SyoSec-Advent.Domain\SyosecAdvent.Domain.csproj", "{274BD7D0-99B3-4F3A-8E10-F53F85569D0C}"
EndProject
Project("{9A19103F-16F7-4668-BE54-9A1E7A4F7556}") = "SyosecAdvent.Api", "SyoSec_Advent.Api\SyosecAdvent.Api.csproj", "{DC387C49-1C66-4A5A-AB27-C05AEFC1E4DB}"
EndProject
Project("{2150E333-8FDC-42A3-9474-1A3956D46DE8}") = "Presentation", "Presentation", "{3D1506CB-0C3F-4154-B32C-EA56DBEF0DBA}"
EndProject
Project("{2150E333-8FDC-42A3-9474-1A3956D46DE8}") = "Core", "Core", "{ADA00710-6EC9-4978-85B1-CE3EB63DB583}"
EndProject
Project("{2150E333-8FDC-42A3-9474-1A3956D46DE8}") = "Infrastructure", "Infrastructure", "{954F85DF-B7B5-464E-A7DB-1F64E2DB2A23}"
EndProject
Project("{9A19103F-16F7-4668-BE54-9A1E7A4F7556}") = "SyosecAdventist.Test", "SyosecAdventist.Test\SyosecAdventist.Test.csproj", "{BE08AC37-A42A-45E0-9D74-2B1C6DCF451E}"
EndProject
Project("{FAE04EC0-301F-11D3-BF4B-00C04F79EFBC}") = "SyosecAdventist.Infrastructure", "SyosecAdventist.Infrastructure\SyosecAdventist.Infrastructure.csproj", "{0FC5C1FF-41A5-46DE-8CDB-73FB1FB474AD}"
EndProject
Project("{FAE04EC0-301F-11D3-BF4B-00C04F79EFBC}") = "SyosecAdvent.Application", "SyosecAdvent.Application\SyosecAdvent.Application.csproj", "{FA4F7D99-A9D8-4FD3-B835-626277F4A864}"
EndProject
Global
	GlobalSection(SolutionConfigurationPlatforms) = preSolution
		Debug|Any CPU = Debug|Any CPU
		Release|Any CPU = Release|Any CPU
	EndGlobalSection
	GlobalSection(ProjectConfigurationPlatforms) = postSolution
		{274BD7D0-99B3-4F3A-8E10-F53F85569D0C}.Debug|Any CPU.ActiveCfg = Debug|Any CPU
		{274BD7D0-99B3-4F3A-8E10-F53F85569D0C}.Debug|Any CPU.Build.0 = Debug|Any CPU
		{274BD7D0-99B3-4F3A-8E10-F53F85569D0C}.Release|Any CPU.ActiveCfg = Release|Any CPU
		{274BD7D0-99B3-4F3A-8E10-F53F85569D0C}.Release|Any CPU.Build.0 = Release|Any CPU
		{DC387C49-1C66-4A5A-AB27-C05AEFC1E4DB}.Debug|Any CPU.ActiveCfg = Debug|Any CPU
		{DC387C49-1C66-4A5A-AB27-C05AEFC1E4DB}.Debug|Any CPU.Build.0 = Debug|Any CPU
		{DC387C49-1C66-4A5A-AB27-C05AEFC1E4DB}.Release|Any CPU.ActiveCfg = Release|Any CPU
		{DC387C49-1C66-4A5A-AB27-C05AEFC1E4DB}.Release|Any CPU.Build.0 = Release|Any CPU
		{BE08AC37-A42A-45E0-9D74-2B1C6DCF451E}.Debug|Any CPU.ActiveCfg = Debug|Any CPU
		{BE08AC37-A42A-45E0-9D74-2B1C6DCF451E}.Debug|Any CPU.Build.0 = Debug|Any CPU
		{BE08AC37-A42A-45E0-9D74-2B1C6DCF451E}.Release|Any CPU.ActiveCfg = Release|Any CPU
		{BE08AC37-A42A-45E0-9D74-2B1C6DCF451E}.Release|Any CPU.Build.0 = Release|Any CPU
		{0FC5C1FF-41A5-46DE-8CDB-73FB1FB474AD}.Debug|Any CPU.ActiveCfg = Debug|Any CPU
		{0FC5C1FF-41A5-46DE-8CDB-73FB1FB474AD}.Debug|Any CPU.Build.0 = Debug|Any CPU
		{0FC5C1FF-41A5-46DE-8CDB-73FB1FB474AD}.Release|Any CPU.ActiveCfg = Release|Any CPU
		{0FC5C1FF-41A5-46DE-8CDB-73FB1FB474AD}.Release|Any CPU.Build.0 = Release|Any CPU
		{FA4F7D99-A9D8-4FD3-B835-626277F4A864}.Debug|Any CPU.ActiveCfg = Debug|Any CPU
		{FA4F7D99-A9D8-4FD3-B835-626277F4A864}.Debug|Any CPU.Build.0 = Debug|Any CPU
		{FA4F7D99-A9D8-4FD3-B835-626277F4A864}.Release|Any CPU.ActiveCfg = Release|Any CPU
		{FA4F7D99-A9D8-4FD3-B835-626277F4A864}.Release|Any CPU.Build.0 = Release|Any CPU
	EndGlobalSection
	GlobalSection(SolutionProperties) = preSolution
		HideSolutionNode = FALSE
	EndGlobalSection
	GlobalSection(NestedProjects) = preSolution
		{274BD7D0-99B3-4F3A-8E10-F53F85569D0C} = {ADA00710-6EC9-4978-85B1-CE3EB63DB583}
		{DC387C49-1C66-4A5A-AB27-C05AEFC1E4DB} = {3D1506CB-0C3F-4154-B32C-EA56DBEF0DBA}
		{3D1506CB-0C3F-4154-B32C-EA56DBEF0DBA} = {0BB885CD-8EB4-459C-B6D5-E3B3D42567E5}
		{ADA00710-6EC9-4978-85B1-CE3EB63DB583} = {0BB885CD-8EB4-459C-B6D5-E3B3D42567E5}
		{954F85DF-B7B5-464E-A7DB-1F64E2DB2A23} = {0BB885CD-8EB4-459C-B6D5-E3B3D42567E5}
		{BE08AC37-A42A-45E0-9D74-2B1C6DCF451E} = {2A628FA4-0D1F-41B9-8620-FD888FBF8EA2}
		{0FC5C1FF-41A5-46DE-8CDB-73FB1FB474AD} = {954F85DF-B7B5-464E-A7DB-1F64E2DB2A23}
		{FA4F7D99-A9D8-4FD3-B835-626277F4A864} = {ADA00710-6EC9-4978-85B1-CE3EB63DB583}
	EndGlobalSection
	GlobalSection(ExtensibilityGlobals) = postSolution
		SolutionGuid = {04D11231-F2E5-4281-9815-29C0F3ABC5FC}
	EndGlobalSection
EndGlobal
